
Microsoft Visual Studio Solution File, Format Version 12.00
# Visual Studio Version 17
VisualStudioVersion = 17.11.35327.3
MinimumVisualStudioVersion = 10.0.40219.1
Project("{8BC9CEB8-8B4A-11D0-8D11-00A0C91BC942}") = "KotonoFramework", "KotonoFramework\KotonoFramework.vcxproj", "{2ACAFF16-409B-41CD-AD8A-451E9B7C1409}"
EndProject
Project("{8BC9CEB8-8B4A-11D0-8D11-00A0C91BC942}") = "KotonoEngine", "KotonoEngine\KotonoEngine.vcxproj", "{5D3F099A-E005-453C-BC01-38FF10ACB67C}"
	ProjectSection(ProjectDependencies) = postProject
		{2ACAFF16-409B-41CD-AD8A-451E9B7C1409} = {2ACAFF16-409B-41CD-AD8A-451E9B7C1409}
	EndProjectSection
EndProject
Global
	GlobalSection(SolutionConfigurationPlatforms) = preSolution
		Debug|x64 = Debug|x64
		Debug|x86 = Debug|x86
		Release|x64 = Release|x64
		Release|x86 = Release|x86
	EndGlobalSection
	GlobalSection(ProjectConfigurationPlatforms) = postSolution
		{2ACAFF16-409B-41CD-AD8A-451E9B7C1409}.Debug|x64.ActiveCfg = Debug|x64
		{2ACAFF16-409B-41CD-AD8A-451E9B7C1409}.Debug|x64.Build.0 = Debug|x64
		{2ACAFF16-409B-41CD-AD8A-451E9B7C1409}.Debug|x86.ActiveCfg = Debug|Win32
		{2ACAFF16-409B-41CD-AD8A-451E9B7C1409}.Debug|x86.Build.0 = Debug|Win32
		{2ACAFF16-409B-41CD-AD8A-451E9B7C1409}.Release|x64.ActiveCfg = Release|x64
		{2ACAFF16-409B-41CD-AD8A-451E9B7C1409}.Release|x64.Build.0 = Release|x64
		{2ACAFF16-409B-41CD-AD8A-451E9B7C1409}.Release|x86.ActiveCfg = Release|Win32
		{2ACAFF16-409B-41CD-AD8A-451E9B7C1409}.Release|x86.Build.0 = Release|Win32
		{5D3F099A-E005-453C-BC01-38FF10ACB67C}.Debug|x64.ActiveCfg = Debug|x64
		{5D3F099A-E005-453C-BC01-38FF10ACB67C}.Debug|x64.Build.0 = Debug|x64
		{5D3F099A-E005-453C-BC01-38FF10ACB67C}.Debug|x86.ActiveCfg = Debug|Win32
		{5D3F099A-E005-453C-BC01-38FF10ACB67C}.Debug|x86.Build.0 = Debug|Win32
		{5D3F099A-E005-453C-BC01-38FF10ACB67C}.Release|x64.ActiveCfg = Release|x64
		{5D3F099A-E005-453C-BC01-38FF10ACB67C}.Release|x64.Build.0 = Release|x64
		{5D3F099A-E005-453C-BC01-38FF10ACB67C}.Release|x86.ActiveCfg = Release|Win32
		{5D3F099A-E005-453C-BC01-38FF10ACB67C}.Release|x86.Build.0 = Release|Win32
	EndGlobalSection
	GlobalSection(SolutionProperties) = preSolution
		HideSolutionNode = FALSE
	EndGlobalSection
	GlobalSection(ExtensibilityGlobals) = postSolution
		SolutionGuid = {8997AE14-75E5-428B-B643-B01204A8FAEB}
	EndGlobalSection
EndGlobal
