<?xml version="1.0" encoding="utf-8"?>
<Project ToolsVersion="4.0" xmlns="http://schemas.microsoft.com/developer/msbuild/2003">
  <ItemGroup>
    <Filter Include="Source Files">
      <UniqueIdentifier>{4FC737F1-C7A5-4376-A066-2A32D752A2FF}</UniqueIdentifier>
      <Extensions>cpp;c;cc;cxx;c++;cppm;ixx;def;odl;idl;hpj;bat;asm;asmx</Extensions>
    </Filter>
    <Filter Include="Header Files">
      <UniqueIdentifier>{93995380-89BD-4b04-88EB-625FBE52EBFB}</UniqueIdentifier>
      <Extensions>h;hh;hpp;hxx;h++;hm;inl;inc;ipp;xsd</Extensions>
    </Filter>
    <Filter Include="Resource Files">
      <UniqueIdentifier>{67DA6AB6-F800-4c08-8B7A-83BB121AAD01}</UniqueIdentifier>
      <Extensions>rc;ico;cur;bmp;dlg;rc2;rct;bin;rgs;gif;jpg;jpeg;jpe;resx;tiff;tif;png;wav;mfcribbon-ms</Extensions>
    </Filter>
    <Filter Include="Shaders">
      <UniqueIdentifier>{fb47ce88-be4a-4e55-8fca-d4164838b033}</UniqueIdentifier>
    </Filter>
    <Filter Include="Shaders\Vertex">
      <UniqueIdentifier>{3c57e5ac-1efb-4411-b5d5-ecdfcba3da58}</UniqueIdentifier>
      <Extensions>vert</Extensions>
    </Filter>
    <Filter Include="Shaders\Fragment">
      <UniqueIdentifier>{a3d68882-9eed-4e59-995c-06be6d908c64}</UniqueIdentifier>
      <Extensions>frag</Extensions>
    </Filter>
  </ItemGroup>
  <ItemGroup>
    <ClCompile Include="src\AudioManager.cpp">
      <Filter>Source Files</Filter>
    </ClCompile>
    <ClCompile Include="src\Camera.cpp">
      <Filter>Source Files</Filter>
    </ClCompile>
    <ClCompile Include="src\Context.cpp">
      <Filter>Source Files</Filter>
    </ClCompile>
    <ClCompile Include="src\Event.cpp">
      <Filter>Source Files</Filter>
    </ClCompile>
    <ClCompile Include="src\File.cpp">
      <Filter>Source Files</Filter>
    </ClCompile>
    <ClCompile Include="src\Framework.cpp">
      <Filter>Source Files</Filter>
    </ClCompile>
    <ClCompile Include="src\Image.cpp">
      <Filter>Source Files</Filter>
    </ClCompile>
    <ClCompile Include="src\ImageTexture.cpp">
      <Filter>Source Files</Filter>
    </ClCompile>
    <ClCompile Include="src\implementations.cpp">
      <Filter>Source Files</Filter>
    </ClCompile>
    <ClCompile Include="src\InputManager.cpp">
      <Filter>Source Files</Filter>
    </ClCompile>
    <ClCompile Include="src\Keyboard.cpp">
      <Filter>Source Files</Filter>
    </ClCompile>
    <ClCompile Include="src\Mesh.cpp">
      <Filter>Source Files</Filter>
    </ClCompile>
    <ClCompile Include="src\Model.cpp">
      <Filter>Source Files</Filter>
    </ClCompile>
    <ClCompile Include="src\Mouse.cpp">
      <Filter>Source Files</Filter>
    </ClCompile>
    <ClCompile Include="src\Renderer.cpp">
      <Filter>Source Files</Filter>
    </ClCompile>
    <ClCompile Include="src\Shader3D.cpp">
      <Filter>Source Files</Filter>
    </ClCompile>
    <ClCompile Include="src\Window.cpp">
      <Filter>Source Files</Filter>
    </ClCompile>
    <ClCompile Include="src\Shader2D.cpp">
      <Filter>Source Files</Filter>
    </ClCompile>
    <ClCompile Include="src\Renderer2D.cpp">
      <Filter>Source Files</Filter>
    </ClCompile>
    <ClCompile Include="src\Renderer3D.cpp">
      <Filter>Source Files</Filter>
    </ClCompile>
    <ClCompile Include="src\Shader.cpp">
      <Filter>Source Files</Filter>
    </ClCompile>
    <ClCompile Include="src\Viewport.cpp">
      <Filter>Source Files</Filter>
    </ClCompile>
    <ClCompile Include="src\ImageTextureManager.cpp">
      <Filter>Source Files</Filter>
    </ClCompile>
    <ClCompile Include="src\ModelManager.cpp">
      <Filter>Source Files</Filter>
    </ClCompile>
    <ClCompile Include="src\ItemManager.cpp">
      <Filter>Source Files</Filter>
    </ClCompile>
    <ClCompile Include="src\ShaderManager.cpp">
      <Filter>Source Files</Filter>
    </ClCompile>
  </ItemGroup>
  <ItemGroup>
    <ClInclude Include="include\kotono_framework\AllocatedBuffer.h">
      <Filter>Header Files</Filter>
    </ClInclude>
    <ClInclude Include="include\kotono_framework\AudioManager.h">
      <Filter>Header Files</Filter>
    </ClInclude>
    <ClInclude Include="include\kotono_framework\Camera.h">
      <Filter>Header Files</Filter>
    </ClInclude>
    <ClInclude Include="include\kotono_framework\Context.h">
      <Filter>Header Files</Filter>
    </ClInclude>
    <ClInclude Include="include\kotono_framework\Event.h">
      <Filter>Header Files</Filter>
    </ClInclude>
    <ClInclude Include="include\kotono_framework\File.h">
      <Filter>Header Files</Filter>
    </ClInclude>
    <ClInclude Include="include\kotono_framework\Framework.h">
      <Filter>Header Files</Filter>
    </ClInclude>
    <ClInclude Include="include\kotono_framework\glm_includes.h">
      <Filter>Header Files</Filter>
    </ClInclude>
    <ClInclude Include="include\kotono_framework\Image.h">
      <Filter>Header Files</Filter>
    </ClInclude>
    <ClInclude Include="include\kotono_framework\ImageTexture.h">
      <Filter>Header Files</Filter>
    </ClInclude>
    <ClInclude Include="include\kotono_framework\InputManager.h">
      <Filter>Header Files</Filter>
    </ClInclude>
    <ClInclude Include="include\kotono_framework\Keyboard.h">
      <Filter>Header Files</Filter>
    </ClInclude>
    <ClInclude Include="include\kotono_framework\log.h">
      <Filter>Header Files</Filter>
    </ClInclude>
    <ClInclude Include="include\kotono_framework\Mesh.h">
      <Filter>Header Files</Filter>
    </ClInclude>
    <ClInclude Include="include\kotono_framework\Model.h">
      <Filter>Header Files</Filter>
    </ClInclude>
    <ClInclude Include="include\kotono_framework\Mouse.h">
      <Filter>Header Files</Filter>
    </ClInclude>
    <ClInclude Include="include\kotono_framework\ObjectData3D.h">
      <Filter>Header Files</Filter>
    </ClInclude>
    <ClInclude Include="include\kotono_framework\QueueFamilyIndices.h">
      <Filter>Header Files</Filter>
    </ClInclude>
    <ClInclude Include="include\kotono_framework\Renderer.h">
      <Filter>Header Files</Filter>
    </ClInclude>
    <ClInclude Include="include\kotono_framework\Shader3D.h">
      <Filter>Header Files</Filter>
    </ClInclude>
    <ClInclude Include="include\kotono_framework\SwapChainSupportDetails.h">
      <Filter>Header Files</Filter>
    </ClInclude>
    <ClInclude Include="include\kotono_framework\UniformData3D.h">
      <Filter>Header Files</Filter>
    </ClInclude>
    <ClInclude Include="include\kotono_framework\Vertex3D.h">
      <Filter>Header Files</Filter>
    </ClInclude>
    <ClInclude Include="include\kotono_framework\vk_utils.h">
      <Filter>Header Files</Filter>
    </ClInclude>
    <ClInclude Include="include\kotono_framework\Window.h">
      <Filter>Header Files</Filter>
    </ClInclude>
    <ClInclude Include="include\kotono_framework\Key.h">
      <Filter>Header Files</Filter>
    </ClInclude>
    <ClInclude Include="include\kotono_framework\InputState.h">
      <Filter>Header Files</Filter>
    </ClInclude>
    <ClInclude Include="include\kotono_framework\frames_in_flight.h">
      <Filter>Header Files</Filter>
    </ClInclude>
    <ClInclude Include="include\kotono_framework\Shader2D.h">
      <Filter>Header Files</Filter>
    </ClInclude>
    <ClInclude Include="include\kotono_framework\ObjectData2D.h">
      <Filter>Header Files</Filter>
    </ClInclude>
    <ClInclude Include="include\kotono_framework\UniformData2D.h">
      <Filter>Header Files</Filter>
    </ClInclude>
    <ClInclude Include="include\kotono_framework\Vertex2D.h">
      <Filter>Header Files</Filter>
    </ClInclude>
    <ClInclude Include="include\kotono_framework\Renderer2D.h">
      <Filter>Header Files</Filter>
    </ClInclude>
    <ClInclude Include="include\kotono_framework\Renderer3D.h">
      <Filter>Header Files</Filter>
    </ClInclude>
    <ClInclude Include="include\kotono_framework\Viewport.h">
      <Filter>Header Files</Filter>
    </ClInclude>
    <ClInclude Include="include\kotono_framework\AddToRenderQueue2DArgs.h">
      <Filter>Header Files</Filter>
    </ClInclude>
    <ClInclude Include="include\kotono_framework\AddToRenderQueue3DArgs.h">
      <Filter>Header Files</Filter>
    </ClInclude>
    <ClInclude Include="include\kotono_framework\Shader.h">
      <Filter>Header Files</Filter>
    </ClInclude>
    <ClInclude Include="include\kotono_framework\ImageTextureManager.h">
      <Filter>Header Files</Filter>
    </ClInclude>
    <ClInclude Include="include\kotono_framework\ModelManager.h">
      <Filter>Header Files</Filter>
    </ClInclude>
    <ClInclude Include="include\kotono_framework\ItemManager.h">
      <Filter>Header Files</Filter>
    </ClInclude>
    <ClInclude Include="include\kotono_framework\ShaderManager.h">
      <Filter>Header Files</Filter>
    </ClInclude>
  </ItemGroup>
  <ItemGroup>
    <None Include="shaders\shader3D.frag">
      <Filter>Shaders\Fragment</Filter>
    </None>
    <None Include="shaders\shader3D.vert">
      <Filter>Shaders\Vertex</Filter>
    </None>
    <None Include="shaders\shader2D.frag">
      <Filter>Shaders\Fragment</Filter>
    </None>
    <None Include="shaders\shader2D.vert">
      <Filter>Shaders\Vertex</Filter>
    </None>
    <None Include="cpp.hint" />
  </ItemGroup>
</Project>