<?xml version="1.0" encoding="utf-8"?>
<Project ToolsVersion="4.0" xmlns="http://schemas.microsoft.com/developer/msbuild/2003">
  <ItemGroup>
    <Filter Include="Source Files">
      <UniqueIdentifier>{4FC737F1-C7A5-4376-A066-2A32D752A2FF}</UniqueIdentifier>
      <Extensions>cpp;c;cc;cxx;c++;cppm;ixx;def;odl;idl;hpj;bat;asm;asmx</Extensions>
    </Filter>
    <Filter Include="Header Files">
      <UniqueIdentifier>{93995380-89BD-4b04-88EB-625FBE52EBFB}</UniqueIdentifier>
      <Extensions>h;hh;hpp;hxx;h++;hm;inl;inc;ipp;xsd</Extensions>
    </Filter>
    <Filter Include="Resource Files">
      <UniqueIdentifier>{67DA6AB6-F800-4c08-8B7A-83BB121AAD01}</UniqueIdentifier>
      <Extensions>rc;ico;cur;bmp;dlg;rc2;rct;bin;rgs;gif;jpg;jpeg;jpe;resx;tiff;tif;png;wav;mfcribbon-ms</Extensions>
    </Filter>
  </ItemGroup>
  <ItemGroup>
    <ClCompile Include="src\Application.cpp">
      <Filter>Source Files</Filter>
    </ClCompile>
    <ClCompile Include="src\Engine.cpp">
      <Filter>Source Files</Filter>
    </ClCompile>
    <ClCompile Include="src\Guid.cpp">
      <Filter>Source Files</Filter>
    </ClCompile>
    <ClCompile Include="src\InterfaceButtonComponent.cpp">
      <Filter>Source Files</Filter>
    </ClCompile>
    <ClCompile Include="src\InterfaceFloatTextBoxObject.cpp">
      <Filter>Source Files</Filter>
    </ClCompile>
    <ClCompile Include="src\InterfaceImageComponent.cpp">
      <Filter>Source Files</Filter>
    </ClCompile>
    <ClCompile Include="src\InterfaceImageObject.cpp">
      <Filter>Source Files</Filter>
    </ClCompile>
    <ClCompile Include="src\Interface.cpp">
      <Filter>Source Files</Filter>
    </ClCompile>
    <ClCompile Include="src\InterfaceObject.cpp">
      <Filter>Source Files</Filter>
    </ClCompile>
    <ClCompile Include="src\InterfaceComponent.cpp">
      <Filter>Source Files</Filter>
    </ClCompile>
    <ClCompile Include="src\InterfaceContainerComponent.cpp">
      <Filter>Source Files</Filter>
    </ClCompile>
    <ClCompile Include="src\InterfacePhysicsManager.cpp">
      <Filter>Source Files</Filter>
    </ClCompile>
    <ClCompile Include="src\InterfaceTextBoxObject.cpp">
      <Filter>Source Files</Filter>
    </ClCompile>
    <ClCompile Include="src\InterfaceTextButtonObject.cpp">
      <Filter>Source Files</Filter>
    </ClCompile>
    <ClCompile Include="src\InterfaceTextComponent.cpp">
      <Filter>Source Files</Filter>
    </ClCompile>
    <ClCompile Include="src\InterfaceWindowComponent.cpp">
      <Filter>Source Files</Filter>
    </ClCompile>
    <ClCompile Include="src\math_utils.cpp">
      <Filter>Source Files</Filter>
    </ClCompile>
    <ClCompile Include="src\SceneMeshComponent.cpp">
      <Filter>Source Files</Filter>
    </ClCompile>
    <ClCompile Include="src\Object.cpp">
      <Filter>Source Files</Filter>
    </ClCompile>
    <ClCompile Include="src\ObjectManager.cpp">
      <Filter>Source Files</Filter>
    </ClCompile>
    <ClCompile Include="src\InterfaceColliderComponent.cpp">
      <Filter>Source Files</Filter>
    </ClCompile>
    <ClCompile Include="src\Scene.cpp">
      <Filter>Source Files</Filter>
    </ClCompile>
    <ClCompile Include="src\SceneObject.cpp">
      <Filter>Source Files</Filter>
    </ClCompile>
    <ClCompile Include="src\Camera.cpp">
      <Filter>Source Files</Filter>
    </ClCompile>
    <ClCompile Include="src\SceneComponent.cpp">
      <Filter>Source Files</Filter>
    </ClCompile>
    <ClCompile Include="src\Task.cpp">
      <Filter>Source Files</Filter>
    </ClCompile>
    <ClCompile Include="src\SceneMeshObject.cpp">
      <Filter>Source Files</Filter>
    </ClCompile>
    <ClCompile Include="src\InterfaceTextObject.cpp">
      <Filter>Source Files</Filter>
    </ClCompile>
    <ClCompile Include="src\TimeManager.cpp">
      <Filter>Source Files</Filter>
    </ClCompile>
    <ClCompile Include="src\Timer.cpp">
      <Filter>Source Files</Filter>
    </ClCompile>
    <ClCompile Include="src\Visualizer.cpp">
      <Filter>Source Files</Filter>
    </ClCompile>
    <ClCompile Include="src\InterfaceBoxComponent.cpp">
      <Filter>Source Files</Filter>
    </ClCompile>
    <ClCompile Include="src\InterfaceRowComponent.cpp">
      <Filter>Source Files</Filter>
    </ClCompile>
    <ClCompile Include="src\InterfaceLayoutObject.cpp">
      <Filter>Source Files</Filter>
    </ClCompile>
  </ItemGroup>
  <ItemGroup>
    <ClInclude Include="include\kotono_engine\Anchor.h">
      <Filter>Header Files</Filter>
    </ClInclude>
    <ClInclude Include="include\kotono_engine\Application.h">
      <Filter>Header Files</Filter>
    </ClInclude>
    <ClInclude Include="include\kotono_engine\base_class.h">
      <Filter>Header Files</Filter>
    </ClInclude>
    <ClInclude Include="include\kotono_engine\Engine.h">
      <Filter>Header Files</Filter>
    </ClInclude>
    <ClInclude Include="include\kotono_engine\Guid.h">
      <Filter>Header Files</Filter>
    </ClInclude>
    <ClInclude Include="include\kotono_engine\InterfaceButtonComponent.h">
      <Filter>Header Files</Filter>
    </ClInclude>
    <ClInclude Include="include\kotono_engine\InterfaceFloatTextBoxObject.h">
      <Filter>Header Files</Filter>
    </ClInclude>
    <ClInclude Include="include\kotono_engine\InterfaceImageComponent.h">
      <Filter>Header Files</Filter>
    </ClInclude>
    <ClInclude Include="include\kotono_engine\InterfaceImageObject.h">
      <Filter>Header Files</Filter>
    </ClInclude>
    <ClInclude Include="include\kotono_engine\Interface.h">
      <Filter>Header Files</Filter>
    </ClInclude>
    <ClInclude Include="include\kotono_engine\InterfaceObject.h">
      <Filter>Header Files</Filter>
    </ClInclude>
    <ClInclude Include="include\kotono_engine\InterfaceComponent.h">
      <Filter>Header Files</Filter>
    </ClInclude>
    <ClInclude Include="include\kotono_engine\InterfaceContainerComponent.h">
      <Filter>Header Files</Filter>
    </ClInclude>
    <ClInclude Include="include\kotono_engine\InterfacePhysicsManager.h">
      <Filter>Header Files</Filter>
    </ClInclude>
    <ClInclude Include="include\kotono_engine\InterfaceTextBoxObject.h">
      <Filter>Header Files</Filter>
    </ClInclude>
    <ClInclude Include="include\kotono_engine\InterfaceTextButtonObject.h">
      <Filter>Header Files</Filter>
    </ClInclude>
    <ClInclude Include="include\kotono_engine\InterfaceTextComponent.h">
      <Filter>Header Files</Filter>
    </ClInclude>
    <ClInclude Include="include\kotono_engine\InterfaceWindowComponent.h">
      <Filter>Header Files</Filter>
    </ClInclude>
    <ClInclude Include="include\kotono_engine\log.h">
      <Filter>Header Files</Filter>
    </ClInclude>
    <ClInclude Include="include\kotono_engine\math_utils.h">
      <Filter>Header Files</Filter>
    </ClInclude>
    <ClInclude Include="include\kotono_engine\Mobility.h">
      <Filter>Header Files</Filter>
    </ClInclude>
    <ClInclude Include="include\kotono_engine\SceneMeshComponent.h">
      <Filter>Header Files</Filter>
    </ClInclude>
    <ClInclude Include="include\kotono_engine\Object.h">
      <Filter>Header Files</Filter>
    </ClInclude>
    <ClInclude Include="include\kotono_engine\ObjectManager.h">
      <Filter>Header Files</Filter>
    </ClInclude>
    <ClInclude Include="include\kotono_engine\Orientation.h">
      <Filter>Header Files</Filter>
    </ClInclude>
    <ClInclude Include="include\kotono_engine\Rect.h">
      <Filter>Header Files</Filter>
    </ClInclude>
    <ClInclude Include="include\kotono_engine\InterfaceColliderComponent.h">
      <Filter>Header Files</Filter>
    </ClInclude>
    <ClInclude Include="include\kotono_engine\RotationUnit.h">
      <Filter>Header Files</Filter>
    </ClInclude>
    <ClInclude Include="include\kotono_engine\Scene.h">
      <Filter>Header Files</Filter>
    </ClInclude>
    <ClInclude Include="include\kotono_engine\SceneObject.h">
      <Filter>Header Files</Filter>
    </ClInclude>
    <ClInclude Include="include\kotono_engine\Camera.h">
      <Filter>Header Files</Filter>
    </ClInclude>
    <ClInclude Include="include\kotono_engine\SceneComponent.h">
      <Filter>Header Files</Filter>
    </ClInclude>
    <ClInclude Include="include\kotono_engine\Task.h">
      <Filter>Header Files</Filter>
    </ClInclude>
    <ClInclude Include="include\kotono_engine\SceneMeshObject.h">
      <Filter>Header Files</Filter>
    </ClInclude>
    <ClInclude Include="include\kotono_engine\InterfaceTextObject.h">
      <Filter>Header Files</Filter>
    </ClInclude>
    <ClInclude Include="include\kotono_engine\TimeManager.h">
      <Filter>Header Files</Filter>
    </ClInclude>
    <ClInclude Include="include\kotono_engine\Timer.h">
      <Filter>Header Files</Filter>
    </ClInclude>
    <ClInclude Include="include\kotono_engine\Transform.h">
      <Filter>Header Files</Filter>
    </ClInclude>
    <ClInclude Include="include\kotono_engine\CoordinateSpace.h">
      <Filter>Header Files</Filter>
    </ClInclude>
    <ClInclude Include="include\kotono_engine\Visibility.h">
      <Filter>Header Files</Filter>
    </ClInclude>
    <ClInclude Include="include\kotono_engine\VisualizationField.h">
      <Filter>Header Files</Filter>
    </ClInclude>
    <ClInclude Include="include\kotono_engine\Visualizer.h">
      <Filter>Header Files</Filter>
    </ClInclude>
    <ClInclude Include="include\kotono_engine\Duration.h">
      <Filter>Header Files</Filter>
    </ClInclude>
    <ClInclude Include="include\kotono_engine\InterfaceBoxComponent.h">
      <Filter>Header Files</Filter>
    </ClInclude>
    <ClInclude Include="include\kotono_engine\Color.h">
      <Filter>Header Files</Filter>
    </ClInclude>
    <ClInclude Include="include\kotono_engine\InterfaceRowComponent.h">
      <Filter>Header Files</Filter>
    </ClInclude>
    <ClInclude Include="include\kotono_engine\InterfaceLayoutObject.h">
      <Filter>Header Files</Filter>
    </ClInclude>
  </ItemGroup>
  <ItemGroup>
    <None Include="cpp.hint" />
  </ItemGroup>
</Project>